
Microsoft Visual Studio Solution File, Format Version 12.00
# Visual Studio 15
VisualStudioVersion = 15.0.26430.6
MinimumVisualStudioVersion = 10.0.40219.1
Project("{FAE04EC0-301F-11D3-BF4B-00C04F79EFBC}") = "ISE-Solutions", "ISE-Solutions\ISE-Solutions.csproj", "{FC6CDB50-8FB9-4599-9F0D-65C0488E7A95}"
EndProject
Global
	GlobalSection(SolutionConfigurationPlatforms) = preSolution
		Debug|Any CPU = Debug|Any CPU
		Release|Any CPU = Release|Any CPU
	EndGlobalSection
	GlobalSection(ProjectConfigurationPlatforms) = postSolution
		{FC6CDB50-8FB9-4599-9F0D-65C0488E7A95}.Debug|Any CPU.ActiveCfg = Debug|Any CPU
		{FC6CDB50-8FB9-4599-9F0D-65C0488E7A95}.Debug|Any CPU.Build.0 = Debug|Any CPU
		{FC6CDB50-8FB9-4599-9F0D-65C0488E7A95}.Release|Any CPU.ActiveCfg = Release|Any CPU
		{FC6CDB50-8FB9-4599-9F0D-65C0488E7A95}.Release|Any CPU.Build.0 = Release|Any CPU
	EndGlobalSection
	GlobalSection(SolutionProperties) = preSolution
		HideSolutionNode = FALSE
	EndGlobalSection
	GlobalSection(ExtensibilityGlobals) = postSolution
		SolutionGuid = {54D4AC7C-F54E-470D-9851-EEF3546CD071}
	EndGlobalSection
EndGlobal
